// !$*UTF8*$!
{
	archiveVersion = 1;
	classes = {
	};
	objectVersion = 46;
	objects = {

/* Begin PBXBuildFile section */
		88E0BEC61D11F7DB00C37557 /* AppDelegate.swift in Sources */ = {isa = PBXBuildFile; fileRef = 88E0BEC51D11F7DB00C37557 /* AppDelegate.swift */; };
		88E0BECB1D11F7DB00C37557 /* Main.storyboard in Resources */ = {isa = PBXBuildFile; fileRef = 88E0BEC91D11F7DB00C37557 /* Main.storyboard */; };
		88E0BECD1D11F7DB00C37557 /* Assets.xcassets in Resources */ = {isa = PBXBuildFile; fileRef = 88E0BECC1D11F7DB00C37557 /* Assets.xcassets */; };
		88E0BED01D11F7DB00C37557 /* LaunchScreen.storyboard in Resources */ = {isa = PBXBuildFile; fileRef = 88E0BECE1D11F7DB00C37557 /* LaunchScreen.storyboard */; };
		88E0BED81D11F80900C37557 /* MoviesViewController.swift in Sources */ = {isa = PBXBuildFile; fileRef = 88E0BED71D11F80900C37557 /* MoviesViewController.swift */; };
/* End PBXBuildFile section */

/* Begin PBXFileReference section */
		88E0BEC21D11F7DB00C37557 /* flick.app */ = {isa = PBXFileReference; explicitFileType = wrapper.application; includeInIndex = 0; path = flick.app; sourceTree = BUILT_PRODUCTS_DIR; };
		88E0BEC51D11F7DB00C37557 /* AppDelegate.swift */ = {isa = PBXFileReference; lastKnownFileType = sourcecode.swift; path = AppDelegate.swift; sourceTree = "<group>"; };
		88E0BECA1D11F7DB00C37557 /* Base */ = {isa = PBXFileReference; lastKnownFileType = file.storyboard; name = Base; path = Base.lproj/Main.storyboard; sourceTree = "<group>"; };
		88E0BECC1D11F7DB00C37557 /* Assets.xcassets */ = {isa = PBXFileReference; lastKnownFileType = folder.assetcatalog; path = Assets.xcassets; sourceTree = "<group>"; };
		88E0BECF1D11F7DB00C37557 /* Base */ = {isa = PBXFileReference; lastKnownFileType = file.storyboard; name = Base; path = Base.lproj/LaunchScreen.storyboard; sourceTree = "<group>"; };
		88E0BED11D11F7DB00C37557 /* Info.plist */ = {isa = PBXFileReference; lastKnownFileType = text.plist.xml; path = Info.plist; sourceTree = "<group>"; };
		88E0BED71D11F80900C37557 /* MoviesViewController.swift */ = {isa = PBXFileReference; fileEncoding = 4; lastKnownFileType = sourcecode.swift; path = MoviesViewController.swift; sourceTree = "<group>"; };
/* End PBXFileReference section */

/* Begin PBXFrameworksBuildPhase section */
		88E0BEBF1D11F7DB00C37557 /* Frameworks */ = {
			isa = PBXFrameworksBuildPhase;
			buildActionMask = 2147483647;
			files = (
			);
			runOnlyForDeploymentPostprocessing = 0;
		};
/* End PBXFrameworksBuildPhase section */

/* Begin PBXGroup section */
		88E0BEB91D11F7DB00C37557 = {
			isa = PBXGroup;
			children = (
				88E0BEC41D11F7DB00C37557 /* flick */,
				88E0BEC31D11F7DB00C37557 /* Products */,
			);
			sourceTree = "<group>";
		};
		88E0BEC31D11F7DB00C37557 /* Products */ = {
			isa = PBXGroup;
			children = (
				88E0BEC21D11F7DB00C37557 /* flick.app */,
			);
			name = Products;
			sourceTree = "<group>";
		};
		88E0BEC41D11F7DB00C37557 /* flick */ = {
			isa = PBXGroup;
			children = (
				88E0BEC51D11F7DB00C37557 /* AppDelegate.swift */,
				88E0BEC91D11F7DB00C37557 /* Main.storyboard */,
				88E0BECC1D11F7DB00C37557 /* Assets.xcassets */,
				88E0BECE1D11F7DB00C37557 /* LaunchScreen.storyboard */,
				88E0BED11D11F7DB00C37557 /* Info.plist */,
				88E0BED71D11F80900C37557 /* MoviesViewController.swift */,
			);
			path = flick;
			sourceTree = "<group>";
		};
/* End PBXGroup section */

/* Begin PBXNativeTarget section */
		88E0BEC11D11F7DB00C37557 /* flick */ = {
			isa = PBXNativeTarget;
			buildConfigurationList = 88E0BED41D11F7DB00C37557 /* Build configuration list for PBXNativeTarget "flick" */;
			buildPhases = (
				88E0BEBE1D11F7DB00C37557 /* Sources */,
				88E0BEBF1D11F7DB00C37557 /* Frameworks */,
				88E0BEC01D11F7DB00C37557 /* Resources */,
			);
			buildRules = (
			);
			dependencies = (
			);
			name = flick;
			productName = flick;
			productReference = 88E0BEC21D11F7DB00C37557 /* flick.app */;
			productType = "com.apple.product-type.application";
		};
/* End PBXNativeTarget section */

/* Begin PBXProject section */
		88E0BEBA1D11F7DB00C37557 /* Project object */ = {
			isa = PBXProject;
			attributes = {
				LastSwiftUpdateCheck = 0730;
				LastUpgradeCheck = 0730;
				ORGANIZATIONNAME = "Kelly Lampotang";
				TargetAttributes = {
					88E0BEC11D11F7DB00C37557 = {
						CreatedOnToolsVersion = 7.3.1;
						DevelopmentTeam = F4P428X9U6;
					};
				};
			};
			buildConfigurationList = 88E0BEBD1D11F7DB00C37557 /* Build configuration list for PBXProject "flick" */;
			compatibilityVersion = "Xcode 3.2";
			developmentRegion = English;
			hasScannedForEncodings = 0;
			knownRegions = (
				en,
				Base,
			);
			mainGroup = 88E0BEB91D11F7DB00C37557;
			productRefGroup = 88E0BEC31D11F7DB00C37557 /* Products */;
			projectDirPath = "";
			projectRoot = "";
			targets = (
				88E0BEC11D11F7DB00C37557 /* flick */,
			);
		};
/* End PBXProject section */

/* Begin PBXResourcesBuildPhase section */
		88E0BEC01D11F7DB00C37557 /* Resources */ = {
			isa = PBXResourcesBuildPhase;
			buildActionMask = 2147483647;
			files = (
				88E0BED01D11F7DB00C37557 /* LaunchScreen.storyboard in Resources */,
				88E0BECD1D11F7DB00C37557 /* Assets.xcassets in Resources */,
				88E0BECB1D11F7DB00C37557 /* Main.storyboard in Resources */,
			);
			runOnlyForDeploymentPostprocessing = 0;
		};
/* End PBXResourcesBuildPhase section */

/* Begin PBXSourcesBuildPhase section */
		88E0BEBE1D11F7DB00C37557 /* Sources */ = {
			isa = PBXSourcesBuildPhase;
			buildActionMask = 2147483647;
			files = (
				88E0BEC61D11F7DB00C37557 /* AppDelegate.swift in Sources */,
				88E0BED81D11F80900C37557 /* MoviesViewController.swift in Sources */,
			);
			runOnlyForDeploymentPostprocessing = 0;
		};
/* End PBXSourcesBuildPhase section */

/* Begin PBXVariantGroup section */
		88E0BEC91D11F7DB00C37557 /* Main.storyboard */ = {
			isa = PBXVariantGroup;
			children = (
				88E0BECA1D11F7DB00C37557 /* Base */,
			);
			name = Main.storyboard;
			sourceTree = "<group>";
		};
		88E0BECE1D11F7DB00C37557 /* LaunchScreen.storyboard */ = {
			isa = PBXVariantGroup;
			children = (
				88E0BECF1D11F7DB00C37557 /* Base */,
			);
			name = LaunchScreen.storyboard;
			sourceTree = "<group>";
		};
/* End PBXVariantGroup section */

/* Begin XCBuildConfiguration section */
		88E0BED21D11F7DB00C37557 /* Debug */ = {
			isa = XCBuildConfiguration;
			buildSettings = {
				ALWAYS_SEARCH_USER_PATHS = NO;
				CLANG_ANALYZER_NONNULL = YES;
				CLANG_CXX_LANGUAGE_STANDARD = "gnu++0x";
				CLANG_CXX_LIBRARY = "libc++";
				CLANG_ENABLE_MODULES = YES;
				CLANG_ENABLE_OBJC_ARC = YES;
				CLANG_WARN_BOOL_CONVERSION = YES;
				CLANG_WARN_CONSTANT_CONVERSION = YES;
				CLANG_WARN_DIRECT_OBJC_ISA_USAGE = YES_ERROR;
				CLANG_WARN_EMPTY_BODY = YES;
				CLANG_WARN_ENUM_CONVERSION = YES;
				CLANG_WARN_INT_CONVERSION = YES;
				CLANG_WARN_OBJC_ROOT_CLASS = YES_ERROR;
				CLANG_WARN_UNREACHABLE_CODE = YES;
				CLANG_WARN__DUPLICATE_METHOD_MATCH = YES;
				"CODE_SIGN_IDENTITY[sdk=iphoneos*]" = "iPhone Developer";
				COPY_PHASE_STRIP = NO;
				DEBUG_INFORMATION_FORMAT = dwarf;
				ENABLE_STRICT_OBJC_MSGSEND = YES;
				ENABLE_TESTABILITY = YES;
				GCC_C_LANGUAGE_STANDARD = gnu99;
				GCC_DYNAMIC_NO_PIC = NO;
				GCC_NO_COMMON_BLOCKS = YES;
				GCC_OPTIMIZATION_LEVEL = 0;
				GCC_PREPROCESSOR_DEFINITIONS = (
					"DEBUG=1",
					"$(inherited)",
				);
				GCC_WARN_64_TO_32_BIT_CONVERSION = YES;
				GCC_WARN_ABOUT_RETURN_TYPE = YES_ERROR;
				GCC_WARN_UNDECLARED_SELECTOR = YES;
				GCC_WARN_UNINITIALIZED_AUTOS = YES_AGGRESSIVE;
				GCC_WARN_UNUSED_FUNCTION = YES;
				GCC_WARN_UNUSED_VARIABLE = YES;
				IPHONEOS_DEPLOYMENT_TARGET = 9.3;
				MTL_ENABLE_DEBUG_INFO = YES;
				ONLY_ACTIVE_ARCH = YES;
				SDKROOT = iphoneos;
				SWIFT_OPTIMIZATION_LEVEL = "-Onone";
			};
			name = Debug;
		};
		88E0BED31D11F7DB00C37557 /* Release */ = {
			isa = XCBuildConfiguration;
			buildSettings = {
				ALWAYS_SEARCH_USER_PATHS = NO;
				CLANG_ANALYZER_NONNULL = YES;
				CLANG_CXX_LANGUAGE_STANDARD = "gnu++0x";
				CLANG_CXX_LIBRARY = "libc++";
				CLANG_ENABLE_MODULES = YES;
				CLANG_ENABLE_OBJC_ARC = YES;
				CLANG_WARN_BOOL_CONVERSION = YES;
				CLANG_WARN_CONSTANT_CONVERSION = YES;
				CLANG_WARN_DIRECT_OBJC_ISA_USAGE = YES_ERROR;
				CLANG_WARN_EMPTY_BODY = YES;
				CLANG_WARN_ENUM_CONVERSION = YES;
				CLANG_WARN_INT_CONVERSION = YES;
				CLANG_WARN_OBJC_ROOT_CLASS = YES_ERROR;
				CLANG_WARN_UNREACHABLE_CODE = YES;
				CLANG_WARN__DUPLICATE_METHOD_MATCH = YES;
				"CODE_SIGN_IDENTITY[sdk=iphoneos*]" = "iPhone Developer";
				COPY_PHASE_STRIP = NO;
				DEBUG_INFORMATION_FORMAT = "dwarf-with-dsym";
				ENABLE_NS_ASSERTIONS = NO;
				ENABLE_STRICT_OBJC_MSGSEND = YES;
				GCC_C_LANGUAGE_STANDARD = gnu99;
				GCC_NO_COMMON_BLOCKS = YES;
				GCC_WARN_64_TO_32_BIT_CONVERSION = YES;
				GCC_WARN_ABOUT_RETURN_TYPE = YES_ERROR;
				GCC_WARN_UNDECLARED_SELECTOR = YES;
				GCC_WARN_UNINITIALIZED_AUTOS = YES_AGGRESSIVE;
				GCC_WARN_UNUSED_FUNCTION = YES;
				GCC_WARN_UNUSED_VARIABLE = YES;
				IPHONEOS_DEPLOYMENT_TARGET = 9.3;
				MTL_ENABLE_DEBUG_INFO = NO;
				SDKROOT = iphoneos;
				VALIDATE_PRODUCT = YES;
			};
			name = Release;
		};
		88E0BED51D11F7DB00C37557 /* Debug */ = {
			isa = XCBuildConfiguration;
			buildSettings = {
				ASSETCATALOG_COMPILER_APPICON_NAME = AppIcon;
				INFOPLIST_FILE = flick/Info.plist;
				LD_RUNPATH_SEARCH_PATHS = "$(inherited) @executable_path/Frameworks";
				PRODUCT_BUNDLE_IDENTIFIER = com.klampotang.flick;
				PRODUCT_NAME = "$(TARGET_NAME)";
			};
			name = Debug;
		};
		88E0BED61D11F7DB00C37557 /* Release */ = {
			isa = XCBuildConfiguration;
			buildSettings = {
				ASSETCATALOG_COMPILER_APPICON_NAME = AppIcon;
				INFOPLIST_FILE = flick/Info.plist;
				LD_RUNPATH_SEARCH_PATHS = "$(inherited) @executable_path/Frameworks";
				PRODUCT_BUNDLE_IDENTIFIER = com.klampotang.flick;
				PRODUCT_NAME = "$(TARGET_NAME)";
			};
			name = Release;
		};
/* End XCBuildConfiguration section */

/* Begin XCConfigurationList section */
		88E0BEBD1D11F7DB00C37557 /* Build configuration list for PBXProject "flick" */ = {
			isa = XCConfigurationList;
			buildConfigurations = (
				88E0BED21D11F7DB00C37557 /* Debug */,
				88E0BED31D11F7DB00C37557 /* Release */,
			);
			defaultConfigurationIsVisible = 0;
			defaultConfigurationName = Release;
		};
		88E0BED41D11F7DB00C37557 /* Build configuration list for PBXNativeTarget "flick" */ = {
			isa = XCConfigurationList;
			buildConfigurations = (
				88E0BED51D11F7DB00C37557 /* Debug */,
				88E0BED61D11F7DB00C37557 /* Release */,
			);
			defaultConfigurationIsVisible = 0;
		};
/* End XCConfigurationList section */
	};
	rootObject = 88E0BEBA1D11F7DB00C37557 /* Project object */;
}
