// !$*UTF8*$!
{
	archiveVersion = 1;
	classes = {
	};
	objectVersion = 46;
	objects = {

/* Begin PBXBuildFile section */
		10CDA2A7DB9B4B6DEEFB56A0 /* Pods_flick.framework in Frameworks */ = {isa = PBXBuildFile; fileRef = 0BE751BCDF903AFF94A1A92C /* Pods_flick.framework */; };
		8886A9E01D1356AA008985E9 /* CollectionsViewController.swift in Sources */ = {isa = PBXBuildFile; fileRef = 8886A9DF1D1356AA008985E9 /* CollectionsViewController.swift */; };
		8886A9E41D1357F1008985E9 /* MovieCollectionCell.swift in Sources */ = {isa = PBXBuildFile; fileRef = 8886A9E31D1357F1008985E9 /* MovieCollectionCell.swift */; };
		8886A9E61D136B62008985E9 /* DetailViewController.swift in Sources */ = {isa = PBXBuildFile; fileRef = 8886A9E51D136B62008985E9 /* DetailViewController.swift */; };
		8886A9E81D13D22A008985E9 /* NavigationControllerDelegate.swift in Sources */ = {isa = PBXBuildFile; fileRef = 8886A9E71D13D22A008985E9 /* NavigationControllerDelegate.swift */; };
		88E0BEC61D11F7DB00C37557 /* AppDelegate.swift in Sources */ = {isa = PBXBuildFile; fileRef = 88E0BEC51D11F7DB00C37557 /* AppDelegate.swift */; };
		88E0BECB1D11F7DB00C37557 /* Main.storyboard in Resources */ = {isa = PBXBuildFile; fileRef = 88E0BEC91D11F7DB00C37557 /* Main.storyboard */; };
		88E0BECD1D11F7DB00C37557 /* Assets.xcassets in Resources */ = {isa = PBXBuildFile; fileRef = 88E0BECC1D11F7DB00C37557 /* Assets.xcassets */; };
		88E0BED01D11F7DB00C37557 /* LaunchScreen.storyboard in Resources */ = {isa = PBXBuildFile; fileRef = 88E0BECE1D11F7DB00C37557 /* LaunchScreen.storyboard */; };
		88E0BED81D11F80900C37557 /* MoviesViewController.swift in Sources */ = {isa = PBXBuildFile; fileRef = 88E0BED71D11F80900C37557 /* MoviesViewController.swift */; };
		88E0BEDB1D12010300C37557 /* MovieCell.swift in Sources */ = {isa = PBXBuildFile; fileRef = 88E0BEDA1D12010300C37557 /* MovieCell.swift */; };
/* End PBXBuildFile section */

/* Begin PBXFileReference section */
		0BE751BCDF903AFF94A1A92C /* Pods_flick.framework */ = {isa = PBXFileReference; explicitFileType = wrapper.framework; includeInIndex = 0; path = Pods_flick.framework; sourceTree = BUILT_PRODUCTS_DIR; };
		8886A9DF1D1356AA008985E9 /* CollectionsViewController.swift */ = {isa = PBXFileReference; fileEncoding = 4; lastKnownFileType = sourcecode.swift; path = CollectionsViewController.swift; sourceTree = "<group>"; };
		8886A9E31D1357F1008985E9 /* MovieCollectionCell.swift */ = {isa = PBXFileReference; fileEncoding = 4; lastKnownFileType = sourcecode.swift; path = MovieCollectionCell.swift; sourceTree = "<group>"; };
		8886A9E51D136B62008985E9 /* DetailViewController.swift */ = {isa = PBXFileReference; fileEncoding = 4; lastKnownFileType = sourcecode.swift; path = DetailViewController.swift; sourceTree = "<group>"; };
		8886A9E71D13D22A008985E9 /* NavigationControllerDelegate.swift */ = {isa = PBXFileReference; fileEncoding = 4; lastKnownFileType = sourcecode.swift; path = NavigationControllerDelegate.swift; sourceTree = "<group>"; };
		88E0BEC21D11F7DB00C37557 /* flick.app */ = {isa = PBXFileReference; explicitFileType = wrapper.application; includeInIndex = 0; path = flick.app; sourceTree = BUILT_PRODUCTS_DIR; };
		88E0BEC51D11F7DB00C37557 /* AppDelegate.swift */ = {isa = PBXFileReference; lastKnownFileType = sourcecode.swift; path = AppDelegate.swift; sourceTree = "<group>"; };
		88E0BECA1D11F7DB00C37557 /* Base */ = {isa = PBXFileReference; lastKnownFileType = file.storyboard; name = Base; path = Base.lproj/Main.storyboard; sourceTree = "<group>"; };
		88E0BECC1D11F7DB00C37557 /* Assets.xcassets */ = {isa = PBXFileReference; lastKnownFileType = folder.assetcatalog; path = Assets.xcassets; sourceTree = "<group>"; };
		88E0BECF1D11F7DB00C37557 /* Base */ = {isa = PBXFileReference; lastKnownFileType = file.storyboard; name = Base; path = Base.lproj/LaunchScreen.storyboard; sourceTree = "<group>"; };
		88E0BED11D11F7DB00C37557 /* Info.plist */ = {isa = PBXFileReference; lastKnownFileType = text.plist.xml; path = Info.plist; sourceTree = "<group>"; };
		88E0BED71D11F80900C37557 /* MoviesViewController.swift */ = {isa = PBXFileReference; fileEncoding = 4; lastKnownFileType = sourcecode.swift; path = MoviesViewController.swift; sourceTree = "<group>"; };
		88E0BEDA1D12010300C37557 /* MovieCell.swift */ = {isa = PBXFileReference; fileEncoding = 4; lastKnownFileType = sourcecode.swift; path = MovieCell.swift; sourceTree = "<group>"; };
		BA039C8CD76EFAADE2897FCD /* Pods-flick.debug.xcconfig */ = {isa = PBXFileReference; includeInIndex = 1; lastKnownFileType = text.xcconfig; name = "Pods-flick.debug.xcconfig"; path = "Pods/Target Support Files/Pods-flick/Pods-flick.debug.xcconfig"; sourceTree = "<group>"; };
		FD66C048740CF03F0B7A858D /* Pods-flick.release.xcconfig */ = {isa = PBXFileReference; includeInIndex = 1; lastKnownFileType = text.xcconfig; name = "Pods-flick.release.xcconfig"; path = "Pods/Target Support Files/Pods-flick/Pods-flick.release.xcconfig"; sourceTree = "<group>"; };
/* End PBXFileReference section */

/* Begin PBXFrameworksBuildPhase section */
		88E0BEBF1D11F7DB00C37557 /* Frameworks */ = {
			isa = PBXFrameworksBuildPhase;
			buildActionMask = 2147483647;
			files = (
				10CDA2A7DB9B4B6DEEFB56A0 /* Pods_flick.framework in Frameworks */,
			);
			runOnlyForDeploymentPostprocessing = 0;
		};
/* End PBXFrameworksBuildPhase section */

/* Begin PBXGroup section */
		88E0BEB91D11F7DB00C37557 = {
			isa = PBXGroup;
			children = (
				88E0BEC41D11F7DB00C37557 /* flick */,
				88E0BEC31D11F7DB00C37557 /* Products */,
				B10F69DC17935FB98A6D73C6 /* Pods */,
				8E12B0AD57E79D305A3B880D /* Frameworks */,
			);
			sourceTree = "<group>";
		};
		88E0BEC31D11F7DB00C37557 /* Products */ = {
			isa = PBXGroup;
			children = (
				88E0BEC21D11F7DB00C37557 /* flick.app */,
			);
			name = Products;
			sourceTree = "<group>";
		};
		88E0BEC41D11F7DB00C37557 /* flick */ = {
			isa = PBXGroup;
			children = (
				88E0BEDC1D12011600C37557 /* ViewController */,
				88E0BED91D1200BA00C37557 /* Views */,
				88E0BEC51D11F7DB00C37557 /* AppDelegate.swift */,
				88E0BEC91D11F7DB00C37557 /* Main.storyboard */,
				88E0BECC1D11F7DB00C37557 /* Assets.xcassets */,
				88E0BECE1D11F7DB00C37557 /* LaunchScreen.storyboard */,
				88E0BED11D11F7DB00C37557 /* Info.plist */,
			);
			path = flick;
			sourceTree = "<group>";
		};
		88E0BED91D1200BA00C37557 /* Views */ = {
			isa = PBXGroup;
			children = (
				88E0BEDA1D12010300C37557 /* MovieCell.swift */,
			);
			name = Views;
			sourceTree = "<group>";
		};
		88E0BEDC1D12011600C37557 /* ViewController */ = {
			isa = PBXGroup;
			children = (
				88E0BED71D11F80900C37557 /* MoviesViewController.swift */,
				8886A9DF1D1356AA008985E9 /* CollectionsViewController.swift */,
				8886A9E31D1357F1008985E9 /* MovieCollectionCell.swift */,
				8886A9E51D136B62008985E9 /* DetailViewController.swift */,
				8886A9E71D13D22A008985E9 /* NavigationControllerDelegate.swift */,
			);
			name = ViewController;
			sourceTree = "<group>";
		};
		8E12B0AD57E79D305A3B880D /* Frameworks */ = {
			isa = PBXGroup;
			children = (
				0BE751BCDF903AFF94A1A92C /* Pods_flick.framework */,
			);
			name = Frameworks;
			sourceTree = "<group>";
		};
		B10F69DC17935FB98A6D73C6 /* Pods */ = {
			isa = PBXGroup;
			children = (
				BA039C8CD76EFAADE2897FCD /* Pods-flick.debug.xcconfig */,
				FD66C048740CF03F0B7A858D /* Pods-flick.release.xcconfig */,
			);
			name = Pods;
			sourceTree = "<group>";
		};
/* End PBXGroup section */

/* Begin PBXNativeTarget section */
		88E0BEC11D11F7DB00C37557 /* flick */ = {
			isa = PBXNativeTarget;
			buildConfigurationList = 88E0BED41D11F7DB00C37557 /* Build configuration list for PBXNativeTarget "flick" */;
			buildPhases = (
				B21B8C349AAC3A008B11E5E3 /* [CP] Check Pods Manifest.lock */,
				88E0BEBE1D11F7DB00C37557 /* Sources */,
				88E0BEBF1D11F7DB00C37557 /* Frameworks */,
				88E0BEC01D11F7DB00C37557 /* Resources */,
				B937B38AFFBBE26E2DA30F59 /* [CP] Embed Pods Frameworks */,
				C07F1118D8486854AF220A5A /* [CP] Copy Pods Resources */,
			);
			buildRules = (
			);
			dependencies = (
			);
			name = flick;
			productName = flick;
			productReference = 88E0BEC21D11F7DB00C37557 /* flick.app */;
			productType = "com.apple.product-type.application";
		};
/* End PBXNativeTarget section */

/* Begin PBXProject section */
		88E0BEBA1D11F7DB00C37557 /* Project object */ = {
			isa = PBXProject;
			attributes = {
				LastSwiftUpdateCheck = 0730;
				LastUpgradeCheck = 0730;
				ORGANIZATIONNAME = "Kelly Lampotang";
				TargetAttributes = {
					88E0BEC11D11F7DB00C37557 = {
						CreatedOnToolsVersion = 7.3.1;
						DevelopmentTeam = F4P428X9U6;
					};
				};
			};
			buildConfigurationList = 88E0BEBD1D11F7DB00C37557 /* Build configuration list for PBXProject "flick" */;
			compatibilityVersion = "Xcode 3.2";
			developmentRegion = English;
			hasScannedForEncodings = 0;
			knownRegions = (
				en,
				Base,
			);
			mainGroup = 88E0BEB91D11F7DB00C37557;
			productRefGroup = 88E0BEC31D11F7DB00C37557 /* Products */;
			projectDirPath = "";
			projectRoot = "";
			targets = (
				88E0BEC11D11F7DB00C37557 /* flick */,
			);
		};
/* End PBXProject section */

/* Begin PBXResourcesBuildPhase section */
		88E0BEC01D11F7DB00C37557 /* Resources */ = {
			isa = PBXResourcesBuildPhase;
			buildActionMask = 2147483647;
			files = (
				88E0BED01D11F7DB00C37557 /* LaunchScreen.storyboard in Resources */,
				88E0BECD1D11F7DB00C37557 /* Assets.xcassets in Resources */,
				88E0BECB1D11F7DB00C37557 /* Main.storyboard in Resources */,
			);
			runOnlyForDeploymentPostprocessing = 0;
		};
/* End PBXResourcesBuildPhase section */

/* Begin PBXShellScriptBuildPhase section */
		B21B8C349AAC3A008B11E5E3 /* [CP] Check Pods Manifest.lock */ = {
			isa = PBXShellScriptBuildPhase;
			buildActionMask = 2147483647;
			files = (
			);
			inputPaths = (
			);
			name = "[CP] Check Pods Manifest.lock";
			outputPaths = (
			);
			runOnlyForDeploymentPostprocessing = 0;
			shellPath = /bin/sh;
			shellScript = "diff \"${PODS_ROOT}/../Podfile.lock\" \"${PODS_ROOT}/Manifest.lock\" > /dev/null\nif [[ $? != 0 ]] ; then\n    cat << EOM\nerror: The sandbox is not in sync with the Podfile.lock. Run 'pod install' or update your CocoaPods installation.\nEOM\n    exit 1\nfi\n";
			showEnvVarsInLog = 0;
		};
		B937B38AFFBBE26E2DA30F59 /* [CP] Embed Pods Frameworks */ = {
			isa = PBXShellScriptBuildPhase;
			buildActionMask = 2147483647;
			files = (
			);
			inputPaths = (
			);
			name = "[CP] Embed Pods Frameworks";
			outputPaths = (
			);
			runOnlyForDeploymentPostprocessing = 0;
			shellPath = /bin/sh;
			shellScript = "\"${SRCROOT}/Pods/Target Support Files/Pods-flick/Pods-flick-frameworks.sh\"\n";
			showEnvVarsInLog = 0;
		};
		C07F1118D8486854AF220A5A /* [CP] Copy Pods Resources */ = {
			isa = PBXShellScriptBuildPhase;
			buildActionMask = 2147483647;
			files = (
			);
			inputPaths = (
			);
			name = "[CP] Copy Pods Resources";
			outputPaths = (
			);
			runOnlyForDeploymentPostprocessing = 0;
			shellPath = /bin/sh;
			shellScript = "\"${SRCROOT}/Pods/Target Support Files/Pods-flick/Pods-flick-resources.sh\"\n";
			showEnvVarsInLog = 0;
		};
/* End PBXShellScriptBuildPhase section */

/* Begin PBXSourcesBuildPhase section */
		88E0BEBE1D11F7DB00C37557 /* Sources */ = {
			isa = PBXSourcesBuildPhase;
			buildActionMask = 2147483647;
			files = (
				8886A9E01D1356AA008985E9 /* CollectionsViewController.swift in Sources */,
				8886A9E41D1357F1008985E9 /* MovieCollectionCell.swift in Sources */,
				88E0BEC61D11F7DB00C37557 /* AppDelegate.swift in Sources */,
				8886A9E61D136B62008985E9 /* DetailViewController.swift in Sources */,
				88E0BED81D11F80900C37557 /* MoviesViewController.swift in Sources */,
				8886A9E81D13D22A008985E9 /* NavigationControllerDelegate.swift in Sources */,
				88E0BEDB1D12010300C37557 /* MovieCell.swift in Sources */,
			);
			runOnlyForDeploymentPostprocessing = 0;
		};
/* End PBXSourcesBuildPhase section */

/* Begin PBXVariantGroup section */
		88E0BEC91D11F7DB00C37557 /* Main.storyboard */ = {
			isa = PBXVariantGroup;
			children = (
				88E0BECA1D11F7DB00C37557 /* Base */,
			);
			name = Main.storyboard;
			sourceTree = "<group>";
		};
		88E0BECE1D11F7DB00C37557 /* LaunchScreen.storyboard */ = {
			isa = PBXVariantGroup;
			children = (
				88E0BECF1D11F7DB00C37557 /* Base */,
			);
			name = LaunchScreen.storyboard;
			sourceTree = "<group>";
		};
/* End PBXVariantGroup section */

/* Begin XCBuildConfiguration section */
		88E0BED21D11F7DB00C37557 /* Debug */ = {
			isa = XCBuildConfiguration;
			buildSettings = {
				ALWAYS_SEARCH_USER_PATHS = NO;
				CLANG_ANALYZER_NONNULL = YES;
				CLANG_CXX_LANGUAGE_STANDARD = "gnu++0x";
				CLANG_CXX_LIBRARY = "libc++";
				CLANG_ENABLE_MODULES = YES;
				CLANG_ENABLE_OBJC_ARC = YES;
				CLANG_WARN_BOOL_CONVERSION = YES;
				CLANG_WARN_CONSTANT_CONVERSION = YES;
				CLANG_WARN_DIRECT_OBJC_ISA_USAGE = YES_ERROR;
				CLANG_WARN_EMPTY_BODY = YES;
				CLANG_WARN_ENUM_CONVERSION = YES;
				CLANG_WARN_INT_CONVERSION = YES;
				CLANG_WARN_OBJC_ROOT_CLASS = YES_ERROR;
				CLANG_WARN_UNREACHABLE_CODE = YES;
				CLANG_WARN__DUPLICATE_METHOD_MATCH = YES;
				"CODE_SIGN_IDENTITY[sdk=iphoneos*]" = "iPhone Developer";
				COPY_PHASE_STRIP = NO;
				DEBUG_INFORMATION_FORMAT = dwarf;
				ENABLE_STRICT_OBJC_MSGSEND = YES;
				ENABLE_TESTABILITY = YES;
				GCC_C_LANGUAGE_STANDARD = gnu99;
				GCC_DYNAMIC_NO_PIC = NO;
				GCC_NO_COMMON_BLOCKS = YES;
				GCC_OPTIMIZATION_LEVEL = 0;
				GCC_PREPROCESSOR_DEFINITIONS = (
					"DEBUG=1",
					"$(inherited)",
				);
				GCC_WARN_64_TO_32_BIT_CONVERSION = YES;
				GCC_WARN_ABOUT_RETURN_TYPE = YES_ERROR;
				GCC_WARN_UNDECLARED_SELECTOR = YES;
				GCC_WARN_UNINITIALIZED_AUTOS = YES_AGGRESSIVE;
				GCC_WARN_UNUSED_FUNCTION = YES;
				GCC_WARN_UNUSED_VARIABLE = YES;
				IPHONEOS_DEPLOYMENT_TARGET = 9.3;
				MTL_ENABLE_DEBUG_INFO = YES;
				ONLY_ACTIVE_ARCH = YES;
				SDKROOT = iphoneos;
				SWIFT_OPTIMIZATION_LEVEL = "-Onone";
			};
			name = Debug;
		};
		88E0BED31D11F7DB00C37557 /* Release */ = {
			isa = XCBuildConfiguration;
			buildSettings = {
				ALWAYS_SEARCH_USER_PATHS = NO;
				CLANG_ANALYZER_NONNULL = YES;
				CLANG_CXX_LANGUAGE_STANDARD = "gnu++0x";
				CLANG_CXX_LIBRARY = "libc++";
				CLANG_ENABLE_MODULES = YES;
				CLANG_ENABLE_OBJC_ARC = YES;
				CLANG_WARN_BOOL_CONVERSION = YES;
				CLANG_WARN_CONSTANT_CONVERSION = YES;
				CLANG_WARN_DIRECT_OBJC_ISA_USAGE = YES_ERROR;
				CLANG_WARN_EMPTY_BODY = YES;
				CLANG_WARN_ENUM_CONVERSION = YES;
				CLANG_WARN_INT_CONVERSION = YES;
				CLANG_WARN_OBJC_ROOT_CLASS = YES_ERROR;
				CLANG_WARN_UNREACHABLE_CODE = YES;
				CLANG_WARN__DUPLICATE_METHOD_MATCH = YES;
				"CODE_SIGN_IDENTITY[sdk=iphoneos*]" = "iPhone Developer";
				COPY_PHASE_STRIP = NO;
				DEBUG_INFORMATION_FORMAT = "dwarf-with-dsym";
				ENABLE_NS_ASSERTIONS = NO;
				ENABLE_STRICT_OBJC_MSGSEND = YES;
				GCC_C_LANGUAGE_STANDARD = gnu99;
				GCC_NO_COMMON_BLOCKS = YES;
				GCC_WARN_64_TO_32_BIT_CONVERSION = YES;
				GCC_WARN_ABOUT_RETURN_TYPE = YES_ERROR;
				GCC_WARN_UNDECLARED_SELECTOR = YES;
				GCC_WARN_UNINITIALIZED_AUTOS = YES_AGGRESSIVE;
				GCC_WARN_UNUSED_FUNCTION = YES;
				GCC_WARN_UNUSED_VARIABLE = YES;
				IPHONEOS_DEPLOYMENT_TARGET = 9.3;
				MTL_ENABLE_DEBUG_INFO = NO;
				SDKROOT = iphoneos;
				VALIDATE_PRODUCT = YES;
			};
			name = Release;
		};
		88E0BED51D11F7DB00C37557 /* Debug */ = {
			isa = XCBuildConfiguration;
			baseConfigurationReference = BA039C8CD76EFAADE2897FCD /* Pods-flick.debug.xcconfig */;
			buildSettings = {
				ASSETCATALOG_COMPILER_APPICON_NAME = AppIcon;
				INFOPLIST_FILE = flick/Info.plist;
				LD_RUNPATH_SEARCH_PATHS = "$(inherited) @executable_path/Frameworks";
				PRODUCT_BUNDLE_IDENTIFIER = com.klampotang.flick;
				PRODUCT_NAME = "$(TARGET_NAME)";
			};
			name = Debug;
		};
		88E0BED61D11F7DB00C37557 /* Release */ = {
			isa = XCBuildConfiguration;
			baseConfigurationReference = FD66C048740CF03F0B7A858D /* Pods-flick.release.xcconfig */;
			buildSettings = {
				ASSETCATALOG_COMPILER_APPICON_NAME = AppIcon;
				INFOPLIST_FILE = flick/Info.plist;
				LD_RUNPATH_SEARCH_PATHS = "$(inherited) @executable_path/Frameworks";
				PRODUCT_BUNDLE_IDENTIFIER = com.klampotang.flick;
				PRODUCT_NAME = "$(TARGET_NAME)";
			};
			name = Release;
		};
/* End XCBuildConfiguration section */

/* Begin XCConfigurationList section */
		88E0BEBD1D11F7DB00C37557 /* Build configuration list for PBXProject "flick" */ = {
			isa = XCConfigurationList;
			buildConfigurations = (
				88E0BED21D11F7DB00C37557 /* Debug */,
				88E0BED31D11F7DB00C37557 /* Release */,
			);
			defaultConfigurationIsVisible = 0;
			defaultConfigurationName = Release;
		};
		88E0BED41D11F7DB00C37557 /* Build configuration list for PBXNativeTarget "flick" */ = {
			isa = XCConfigurationList;
			buildConfigurations = (
				88E0BED51D11F7DB00C37557 /* Debug */,
				88E0BED61D11F7DB00C37557 /* Release */,
			);
			defaultConfigurationIsVisible = 0;
			defaultConfigurationName = Release;
		};
/* End XCConfigurationList section */
	};
	rootObject = 88E0BEBA1D11F7DB00C37557 /* Project object */;
}
